
Microsoft Visual Studio Solution File, Format Version 12.00
# Visual Studio 15
VisualStudioVersion = 15.0.28307.329
MinimumVisualStudioVersion = 10.0.40219.1
Project("{8BC9CEB8-8B4A-11D0-8D11-00A0C91BC942}") = "Sort_by_choise", "Sort_by_choise\Sort_by_choise.vcxproj", "{F99EBADC-205A-4E43-9BD6-BF0A1BEF487F}"
EndProject
Global
	GlobalSection(SolutionConfigurationPlatforms) = preSolution
		Debug|x64 = Debug|x64
		Debug|x86 = Debug|x86
		Release|x64 = Release|x64
		Release|x86 = Release|x86
	EndGlobalSection
	GlobalSection(ProjectConfigurationPlatforms) = postSolution
		{F99EBADC-205A-4E43-9BD6-BF0A1BEF487F}.Debug|x64.ActiveCfg = Debug|x64
		{F99EBADC-205A-4E43-9BD6-BF0A1BEF487F}.Debug|x64.Build.0 = Debug|x64
		{F99EBADC-205A-4E43-9BD6-BF0A1BEF487F}.Debug|x86.ActiveCfg = Debug|Win32
		{F99EBADC-205A-4E43-9BD6-BF0A1BEF487F}.Debug|x86.Build.0 = Debug|Win32
		{F99EBADC-205A-4E43-9BD6-BF0A1BEF487F}.Release|x64.ActiveCfg = Release|x64
		{F99EBADC-205A-4E43-9BD6-BF0A1BEF487F}.Release|x64.Build.0 = Release|x64
		{F99EBADC-205A-4E43-9BD6-BF0A1BEF487F}.Release|x86.ActiveCfg = Release|Win32
		{F99EBADC-205A-4E43-9BD6-BF0A1BEF487F}.Release|x86.Build.0 = Release|Win32
	EndGlobalSection
	GlobalSection(SolutionProperties) = preSolution
		HideSolutionNode = FALSE
	EndGlobalSection
	GlobalSection(ExtensibilityGlobals) = postSolution
		SolutionGuid = {61FD0F5C-ABEB-4EA8-83A2-1832DBE08114}
	EndGlobalSection
EndGlobal
